
Microsoft Visual Studio Solution File, Format Version 12.00
# Visual Studio Version 16
VisualStudioVersion = 16.0.30114.105
MinimumVisualStudioVersion = 10.0.40219.1
Project("{FAE04EC0-301F-11D3-BF4B-00C04F79EFBC}") = "Decision Making", "Decision Making\Decision Making.csproj", "{01EFFA52-A119-425B-888C-3C53C651DD05}"
EndProject
Global
	GlobalSection(SolutionConfigurationPlatforms) = preSolution
		Debug|Any CPU = Debug|Any CPU
		Release|Any CPU = Release|Any CPU
	EndGlobalSection
	GlobalSection(ProjectConfigurationPlatforms) = postSolution
		{01EFFA52-A119-425B-888C-3C53C651DD05}.Debug|Any CPU.ActiveCfg = Debug|Any CPU
		{01EFFA52-A119-425B-888C-3C53C651DD05}.Debug|Any CPU.Build.0 = Debug|Any CPU
		{01EFFA52-A119-425B-888C-3C53C651DD05}.Release|Any CPU.ActiveCfg = Release|Any CPU
		{01EFFA52-A119-425B-888C-3C53C651DD05}.Release|Any CPU.Build.0 = Release|Any CPU
	EndGlobalSection
	GlobalSection(SolutionProperties) = preSolution
		HideSolutionNode = FALSE
	EndGlobalSection
	GlobalSection(ExtensibilityGlobals) = postSolution
		SolutionGuid = {2350D80A-1A2F-486B-AB4F-380F27D7040A}
	EndGlobalSection
EndGlobal
